
Microsoft Visual Studio Solution File, Format Version 12.00
# Visual Studio 15
VisualStudioVersion = 15.0.26124.0
MinimumVisualStudioVersion = 15.0.26124.0
Project("{2150E333-8FDC-42A3-9474-1A3956D46DE8}") = "1_sample_ddd", "1_sample_ddd", "{C249214C-6845-46C9-8162-507EB04F7357}"
EndProject
Project("{2150E333-8FDC-42A3-9474-1A3956D46DE8}") = "src", "src", "{1F261A5B-588F-4F76-AB14-4B5F8423BD07}"
EndProject
Project("{2150E333-8FDC-42A3-9474-1A3956D46DE8}") = "1 - Presentation", "1 - Presentation", "{A774E28F-CC4D-4CD7-8B93-61757F091A52}"
EndProject
Project("{2150E333-8FDC-42A3-9474-1A3956D46DE8}") = "2 - Services", "2 - Services", "{BEF9F86E-EA6F-46E7-8130-DF9A60A376F7}"
EndProject
Project("{2150E333-8FDC-42A3-9474-1A3956D46DE8}") = "3 - Application", "3 - Application", "{4585194F-5836-43DF-870F-A7D9F1766561}"
EndProject
Project("{2150E333-8FDC-42A3-9474-1A3956D46DE8}") = "4 - Domain", "4 - Domain", "{B9BC91D4-3F78-4A9E-889A-CE50DC7E8654}"
EndProject
Project("{2150E333-8FDC-42A3-9474-1A3956D46DE8}") = "5 - Infra", "5 - Infra", "{10CE430A-6BFF-4172-B888-57D0607A18F1}"
EndProject
Project("{9A19103F-16F7-4668-BE54-9A1E7A4F7556}") = "SampleOneDDD.UI.Site", "1_sample_ddd\src\SampleOneDDD.UI.Site\SampleOneDDD.UI.Site.csproj", "{C31A8275-2936-4200-8B90-C06178954EC3}"
EndProject
Project("{9A19103F-16F7-4668-BE54-9A1E7A4F7556}") = "SampleOneDDD.Domain.Core", "1_sample_ddd\src\SampleOneDDD.Domain.Core\SampleOneDDD.Domain.Core.csproj", "{C07CE9A8-7BB8-4E15-96D4-539936FBF917}"
EndProject
Project("{9A19103F-16F7-4668-BE54-9A1E7A4F7556}") = "SampleOneDDD.Domain", "1_sample_ddd\src\SampleOneDDD.Domain\SampleOneDDD.Domain.csproj", "{41149B48-35FC-4CE6-8D3F-6B2B23B6E4E5}"
EndProject
Project("{2150E333-8FDC-42A3-9474-1A3956D46DE8}") = "5.1 - Data", "5.1 - Data", "{D632C475-AE2B-4DA4-B10B-2C9379C27385}"
EndProject
Project("{9A19103F-16F7-4668-BE54-9A1E7A4F7556}") = "SampleOneDDD.Infra.Data", "1_sample_ddd\src\SampleOneDDD.Infra.Data\SampleOneDDD.Infra.Data.csproj", "{D64DB2AF-B6A5-4AD6-A180-964F41C1FCC2}"
EndProject
Project("{2150E333-8FDC-42A3-9474-1A3956D46DE8}") = "5.2 - CrossCutting", "5.2 - CrossCutting", "{BFF0832B-F6FC-47B3-91CD-2BED7440EE29}"
EndProject
Project("{9A19103F-16F7-4668-BE54-9A1E7A4F7556}") = "SampleOneDDD.Infra.CrossCutting.Bus", "1_sample_ddd\src\SampleOneDDD.Infra.CrossCutting.Bus\SampleOneDDD.Infra.CrossCutting.Bus.csproj", "{5882DBC7-13B7-4CF7-87AF-C4DF9457AD91}"
EndProject
Project("{9A19103F-16F7-4668-BE54-9A1E7A4F7556}") = "SampleOneDDD.Infra.CrossCutting.IoC", "1_sample_ddd\src\SampleOneDDD.Infra.CrossCutting.IoC\SampleOneDDD.Infra.CrossCutting.IoC.csproj", "{92F8DA77-6ED8-454F-A0E9-031C2CCF07F2}"
EndProject
Project("{9A19103F-16F7-4668-BE54-9A1E7A4F7556}") = "SampleOneDDD.Application", "1_sample_ddd\src\SampleOneDDD.Application\SampleOneDDD.Application.csproj", "{98672E1E-F03C-409D-A350-8C1BA272ED27}"
EndProject
Project("{2150E333-8FDC-42A3-9474-1A3956D46DE8}") = "2_sample_ddd", "2_sample_ddd", "{53DE558F-B827-4312-AB5F-4C6FC47B3760}"
EndProject
Project("{2150E333-8FDC-42A3-9474-1A3956D46DE8}") = "src", "src", "{49F4EC6D-5193-48A6-9BEE-3202EB4E9480}"
EndProject
Project("{2150E333-8FDC-42A3-9474-1A3956D46DE8}") = "01 - Presentation", "01 - Presentation", "{6023C2C7-1211-413E-BFCF-C47A8DCF23FB}"
EndProject
Project("{2150E333-8FDC-42A3-9474-1A3956D46DE8}") = "02 - Services", "02 - Services", "{66B09358-2521-4314-98AF-72977AC834E6}"
EndProject
Project("{2150E333-8FDC-42A3-9474-1A3956D46DE8}") = "03 - Application", "03 - Application", "{6E77C804-D28E-43B5-AFE9-F92D2579BB9C}"
EndProject
Project("{2150E333-8FDC-42A3-9474-1A3956D46DE8}") = "04 - Domain", "04 - Domain", "{693F1E1E-0FE2-44A6-B9E5-5C2C69D433B2}"
EndProject
Project("{2150E333-8FDC-42A3-9474-1A3956D46DE8}") = "05 - Infra", "05 - Infra", "{64458D8A-4F33-42A0-BCDC-67F480924EEA}"
EndProject
Project("{2150E333-8FDC-42A3-9474-1A3956D46DE8}") = "Data", "Data", "{8EC41369-BAFC-4CC1-BEA7-DFC2D8CC8660}"
EndProject
Project("{2150E333-8FDC-42A3-9474-1A3956D46DE8}") = "CrossCutting", "CrossCutting", "{BABFCFCD-BC81-43A3-B81E-A5108A0A664B}"
EndProject
Project("{9A19103F-16F7-4668-BE54-9A1E7A4F7556}") = "demo.Infra.CrossCutting.IoC", "2_sample_ddd\src\demo.Infra.CrossCutting.IoC\demo.Infra.CrossCutting.IoC.csproj", "{E5E02C58-74A9-41C8-83DE-E9BD04FB0081}"
EndProject
Project("{9A19103F-16F7-4668-BE54-9A1E7A4F7556}") = "demo.Infra.CrossCutting.Bus", "2_sample_ddd\src\demo.Infra.CrossCutting.Bus\demo.Infra.CrossCutting.Bus.csproj", "{978E4133-BC71-45AE-B595-A7B4A5CBCD0F}"
EndProject
Project("{9A19103F-16F7-4668-BE54-9A1E7A4F7556}") = "demo.Infra.Data", "2_sample_ddd\src\demo.Infra.Data\demo.Infra.Data.csproj", "{87125D2B-9016-4049-93FF-2847F7AF0B65}"
EndProject
Project("{9A19103F-16F7-4668-BE54-9A1E7A4F7556}") = "demo.Domain.Core", "2_sample_ddd\src\demo.Domain.Core\demo.Domain.Core.csproj", "{34C93F01-AA51-4570-83C9-A9C0F378B464}"
EndProject
Project("{9A19103F-16F7-4668-BE54-9A1E7A4F7556}") = "demo.Application", "2_sample_ddd\src\demo.Application\demo.Application.csproj", "{E0162B5C-A36F-4654-BAFF-A0AF3CBFA6C1}"
EndProject
Project("{9A19103F-16F7-4668-BE54-9A1E7A4F7556}") = "demo.Domain", "2_sample_ddd\src\demo.Domain\demo.Domain.csproj", "{38F5F564-5ED5-4F4F-8B41-E52CB09D7731}"
EndProject
Project("{FAE04EC0-301F-11D3-BF4B-00C04F79EFBC}") = "demo.UI.Site", "2_sample_ddd\src\demo.UI.Site\demo.UI.Site.csproj", "{A88CEAE2-E610-47A4-8DE7-3FA595DC5F8B}"
EndProject
Global
	GlobalSection(SolutionConfigurationPlatforms) = preSolution
		Debug|Any CPU = Debug|Any CPU
		Release|Any CPU = Release|Any CPU
	EndGlobalSection
	GlobalSection(ProjectConfigurationPlatforms) = postSolution
		{C31A8275-2936-4200-8B90-C06178954EC3}.Debug|Any CPU.ActiveCfg = Debug|Any CPU
		{C31A8275-2936-4200-8B90-C06178954EC3}.Debug|Any CPU.Build.0 = Debug|Any CPU
		{C31A8275-2936-4200-8B90-C06178954EC3}.Release|Any CPU.ActiveCfg = Release|Any CPU
		{C31A8275-2936-4200-8B90-C06178954EC3}.Release|Any CPU.Build.0 = Release|Any CPU
		{C07CE9A8-7BB8-4E15-96D4-539936FBF917}.Debug|Any CPU.ActiveCfg = Debug|Any CPU
		{C07CE9A8-7BB8-4E15-96D4-539936FBF917}.Debug|Any CPU.Build.0 = Debug|Any CPU
		{C07CE9A8-7BB8-4E15-96D4-539936FBF917}.Release|Any CPU.ActiveCfg = Release|Any CPU
		{C07CE9A8-7BB8-4E15-96D4-539936FBF917}.Release|Any CPU.Build.0 = Release|Any CPU
		{41149B48-35FC-4CE6-8D3F-6B2B23B6E4E5}.Debug|Any CPU.ActiveCfg = Debug|Any CPU
		{41149B48-35FC-4CE6-8D3F-6B2B23B6E4E5}.Debug|Any CPU.Build.0 = Debug|Any CPU
		{41149B48-35FC-4CE6-8D3F-6B2B23B6E4E5}.Release|Any CPU.ActiveCfg = Release|Any CPU
		{41149B48-35FC-4CE6-8D3F-6B2B23B6E4E5}.Release|Any CPU.Build.0 = Release|Any CPU
		{D64DB2AF-B6A5-4AD6-A180-964F41C1FCC2}.Debug|Any CPU.ActiveCfg = Debug|Any CPU
		{D64DB2AF-B6A5-4AD6-A180-964F41C1FCC2}.Debug|Any CPU.Build.0 = Debug|Any CPU
		{D64DB2AF-B6A5-4AD6-A180-964F41C1FCC2}.Release|Any CPU.ActiveCfg = Release|Any CPU
		{D64DB2AF-B6A5-4AD6-A180-964F41C1FCC2}.Release|Any CPU.Build.0 = Release|Any CPU
		{5882DBC7-13B7-4CF7-87AF-C4DF9457AD91}.Debug|Any CPU.ActiveCfg = Debug|Any CPU
		{5882DBC7-13B7-4CF7-87AF-C4DF9457AD91}.Debug|Any CPU.Build.0 = Debug|Any CPU
		{5882DBC7-13B7-4CF7-87AF-C4DF9457AD91}.Release|Any CPU.ActiveCfg = Release|Any CPU
		{5882DBC7-13B7-4CF7-87AF-C4DF9457AD91}.Release|Any CPU.Build.0 = Release|Any CPU
		{92F8DA77-6ED8-454F-A0E9-031C2CCF07F2}.Debug|Any CPU.ActiveCfg = Debug|Any CPU
		{92F8DA77-6ED8-454F-A0E9-031C2CCF07F2}.Debug|Any CPU.Build.0 = Debug|Any CPU
		{92F8DA77-6ED8-454F-A0E9-031C2CCF07F2}.Release|Any CPU.ActiveCfg = Release|Any CPU
		{92F8DA77-6ED8-454F-A0E9-031C2CCF07F2}.Release|Any CPU.Build.0 = Release|Any CPU
		{98672E1E-F03C-409D-A350-8C1BA272ED27}.Debug|Any CPU.ActiveCfg = Debug|Any CPU
		{98672E1E-F03C-409D-A350-8C1BA272ED27}.Debug|Any CPU.Build.0 = Debug|Any CPU
		{98672E1E-F03C-409D-A350-8C1BA272ED27}.Release|Any CPU.ActiveCfg = Release|Any CPU
		{98672E1E-F03C-409D-A350-8C1BA272ED27}.Release|Any CPU.Build.0 = Release|Any CPU
		{E5E02C58-74A9-41C8-83DE-E9BD04FB0081}.Debug|Any CPU.ActiveCfg = Debug|Any CPU
		{E5E02C58-74A9-41C8-83DE-E9BD04FB0081}.Debug|Any CPU.Build.0 = Debug|Any CPU
		{E5E02C58-74A9-41C8-83DE-E9BD04FB0081}.Release|Any CPU.ActiveCfg = Release|Any CPU
		{E5E02C58-74A9-41C8-83DE-E9BD04FB0081}.Release|Any CPU.Build.0 = Release|Any CPU
		{978E4133-BC71-45AE-B595-A7B4A5CBCD0F}.Debug|Any CPU.ActiveCfg = Debug|Any CPU
		{978E4133-BC71-45AE-B595-A7B4A5CBCD0F}.Debug|Any CPU.Build.0 = Debug|Any CPU
		{978E4133-BC71-45AE-B595-A7B4A5CBCD0F}.Release|Any CPU.ActiveCfg = Release|Any CPU
		{978E4133-BC71-45AE-B595-A7B4A5CBCD0F}.Release|Any CPU.Build.0 = Release|Any CPU
		{87125D2B-9016-4049-93FF-2847F7AF0B65}.Debug|Any CPU.ActiveCfg = Debug|Any CPU
		{87125D2B-9016-4049-93FF-2847F7AF0B65}.Debug|Any CPU.Build.0 = Debug|Any CPU
		{87125D2B-9016-4049-93FF-2847F7AF0B65}.Release|Any CPU.ActiveCfg = Release|Any CPU
		{87125D2B-9016-4049-93FF-2847F7AF0B65}.Release|Any CPU.Build.0 = Release|Any CPU
		{34C93F01-AA51-4570-83C9-A9C0F378B464}.Debug|Any CPU.ActiveCfg = Debug|Any CPU
		{34C93F01-AA51-4570-83C9-A9C0F378B464}.Debug|Any CPU.Build.0 = Debug|Any CPU
		{34C93F01-AA51-4570-83C9-A9C0F378B464}.Release|Any CPU.ActiveCfg = Release|Any CPU
		{34C93F01-AA51-4570-83C9-A9C0F378B464}.Release|Any CPU.Build.0 = Release|Any CPU
		{E0162B5C-A36F-4654-BAFF-A0AF3CBFA6C1}.Debug|Any CPU.ActiveCfg = Debug|Any CPU
		{E0162B5C-A36F-4654-BAFF-A0AF3CBFA6C1}.Debug|Any CPU.Build.0 = Debug|Any CPU
		{E0162B5C-A36F-4654-BAFF-A0AF3CBFA6C1}.Release|Any CPU.ActiveCfg = Release|Any CPU
		{E0162B5C-A36F-4654-BAFF-A0AF3CBFA6C1}.Release|Any CPU.Build.0 = Release|Any CPU
		{38F5F564-5ED5-4F4F-8B41-E52CB09D7731}.Debug|Any CPU.ActiveCfg = Debug|Any CPU
		{38F5F564-5ED5-4F4F-8B41-E52CB09D7731}.Debug|Any CPU.Build.0 = Debug|Any CPU
		{38F5F564-5ED5-4F4F-8B41-E52CB09D7731}.Release|Any CPU.ActiveCfg = Release|Any CPU
		{38F5F564-5ED5-4F4F-8B41-E52CB09D7731}.Release|Any CPU.Build.0 = Release|Any CPU
		{A88CEAE2-E610-47A4-8DE7-3FA595DC5F8B}.Debug|Any CPU.ActiveCfg = Debug|Any CPU
		{A88CEAE2-E610-47A4-8DE7-3FA595DC5F8B}.Debug|Any CPU.Build.0 = Debug|Any CPU
		{A88CEAE2-E610-47A4-8DE7-3FA595DC5F8B}.Release|Any CPU.ActiveCfg = Release|Any CPU
		{A88CEAE2-E610-47A4-8DE7-3FA595DC5F8B}.Release|Any CPU.Build.0 = Release|Any CPU
	EndGlobalSection
	GlobalSection(SolutionProperties) = preSolution
		HideSolutionNode = FALSE
	EndGlobalSection
	GlobalSection(NestedProjects) = preSolution
		{1F261A5B-588F-4F76-AB14-4B5F8423BD07} = {C249214C-6845-46C9-8162-507EB04F7357}
		{A774E28F-CC4D-4CD7-8B93-61757F091A52} = {1F261A5B-588F-4F76-AB14-4B5F8423BD07}
		{BEF9F86E-EA6F-46E7-8130-DF9A60A376F7} = {1F261A5B-588F-4F76-AB14-4B5F8423BD07}
		{4585194F-5836-43DF-870F-A7D9F1766561} = {1F261A5B-588F-4F76-AB14-4B5F8423BD07}
		{B9BC91D4-3F78-4A9E-889A-CE50DC7E8654} = {1F261A5B-588F-4F76-AB14-4B5F8423BD07}
		{10CE430A-6BFF-4172-B888-57D0607A18F1} = {1F261A5B-588F-4F76-AB14-4B5F8423BD07}
		{C31A8275-2936-4200-8B90-C06178954EC3} = {A774E28F-CC4D-4CD7-8B93-61757F091A52}
		{C07CE9A8-7BB8-4E15-96D4-539936FBF917} = {B9BC91D4-3F78-4A9E-889A-CE50DC7E8654}
		{41149B48-35FC-4CE6-8D3F-6B2B23B6E4E5} = {B9BC91D4-3F78-4A9E-889A-CE50DC7E8654}
		{D632C475-AE2B-4DA4-B10B-2C9379C27385} = {10CE430A-6BFF-4172-B888-57D0607A18F1}
		{D64DB2AF-B6A5-4AD6-A180-964F41C1FCC2} = {D632C475-AE2B-4DA4-B10B-2C9379C27385}
		{BFF0832B-F6FC-47B3-91CD-2BED7440EE29} = {10CE430A-6BFF-4172-B888-57D0607A18F1}
		{5882DBC7-13B7-4CF7-87AF-C4DF9457AD91} = {BFF0832B-F6FC-47B3-91CD-2BED7440EE29}
		{92F8DA77-6ED8-454F-A0E9-031C2CCF07F2} = {BFF0832B-F6FC-47B3-91CD-2BED7440EE29}
		{98672E1E-F03C-409D-A350-8C1BA272ED27} = {4585194F-5836-43DF-870F-A7D9F1766561}
		{49F4EC6D-5193-48A6-9BEE-3202EB4E9480} = {53DE558F-B827-4312-AB5F-4C6FC47B3760}
		{6023C2C7-1211-413E-BFCF-C47A8DCF23FB} = {49F4EC6D-5193-48A6-9BEE-3202EB4E9480}
		{66B09358-2521-4314-98AF-72977AC834E6} = {49F4EC6D-5193-48A6-9BEE-3202EB4E9480}
		{6E77C804-D28E-43B5-AFE9-F92D2579BB9C} = {49F4EC6D-5193-48A6-9BEE-3202EB4E9480}
		{693F1E1E-0FE2-44A6-B9E5-5C2C69D433B2} = {49F4EC6D-5193-48A6-9BEE-3202EB4E9480}
		{64458D8A-4F33-42A0-BCDC-67F480924EEA} = {49F4EC6D-5193-48A6-9BEE-3202EB4E9480}
		{8EC41369-BAFC-4CC1-BEA7-DFC2D8CC8660} = {64458D8A-4F33-42A0-BCDC-67F480924EEA}
		{BABFCFCD-BC81-43A3-B81E-A5108A0A664B} = {64458D8A-4F33-42A0-BCDC-67F480924EEA}
		{E5E02C58-74A9-41C8-83DE-E9BD04FB0081} = {BABFCFCD-BC81-43A3-B81E-A5108A0A664B}
		{978E4133-BC71-45AE-B595-A7B4A5CBCD0F} = {BABFCFCD-BC81-43A3-B81E-A5108A0A664B}
		{87125D2B-9016-4049-93FF-2847F7AF0B65} = {8EC41369-BAFC-4CC1-BEA7-DFC2D8CC8660}
		{34C93F01-AA51-4570-83C9-A9C0F378B464} = {693F1E1E-0FE2-44A6-B9E5-5C2C69D433B2}
		{E0162B5C-A36F-4654-BAFF-A0AF3CBFA6C1} = {6E77C804-D28E-43B5-AFE9-F92D2579BB9C}
		{38F5F564-5ED5-4F4F-8B41-E52CB09D7731} = {693F1E1E-0FE2-44A6-B9E5-5C2C69D433B2}
		{A88CEAE2-E610-47A4-8DE7-3FA595DC5F8B} = {6023C2C7-1211-413E-BFCF-C47A8DCF23FB}
	EndGlobalSection
	GlobalSection(ExtensibilityGlobals) = postSolution
		SolutionGuid = {54FAC603-4F39-4E0F-9CF0-75A04D43EDE9}
	EndGlobalSection
EndGlobal
